# generated by rye
# use `rye lock` or `rye sync` to update this lockfile
#
# last locked with the following flags:
#   pre: false
#   features: []
#   all-features: false
#   with-sources: false
#   generate-hashes: false

-e file:.
annotated-types==0.7.0
    # via pydantic
cachetools==5.3.3
    # via tox
chardet==5.2.0
    # via tox
colorama==0.4.6
    # via tox
distlib==0.3.8
    # via virtualenv
filelock==3.15.1
    # via tox
    # via virtualenv
fire==0.6.0
    # via pydantic-converter
iniconfig==2.0.0
    # via pytest
markdown-it-py==3.0.0
    # via rich
mdurl==0.1.2
    # via markdown-it-py
mypy==1.10.0
mypy-extensions==1.0.0
    # via mypy
packaging==24.1
    # via pyproject-api
    # via pytest
    # via tox
platformdirs==4.2.2
    # via tox
    # via virtualenv
pluggy==1.5.0
    # via pytest
    # via tox
pydantic==2.7.4
    # via pydantic-converter
pydantic-core==2.18.4
    # via pydantic
pygments==2.18.0
    # via rich
pyhumps==3.8.0
    # via pydantic-converter
pyproject-api==1.6.1
    # via tox
pytest==8.2.2
rich==13.7.1
    # via pydantic-converter
ruff==0.4.9
six==1.16.0
    # via fire
termcolor==2.4.0
    # via fire
tox==4.15.1
typing-extensions==4.12.2
    # via mypy
    # via pydantic
    # via pydantic-core
virtualenv==20.26.2
    # via tox
